
Microsoft Visual Studio Solution File, Format Version 12.00
# Visual Studio Version 17
VisualStudioVersion = 17.11.35327.3
MinimumVisualStudioVersion = 10.0.40219.1
Project("{9A19103F-16F7-4668-BE54-9A1E7A4F7556}") = "library management", "library management\library management.csproj", "{42392501-647E-4C08-95F9-35A2E6B60016}"
EndProject
Project("{9A19103F-16F7-4668-BE54-9A1E7A4F7556}") = "cafe order management", "cafe order management\cafe order management.csproj", "{9D83EB71-92D7-450E-914E-747B15B04641}"
EndProject
Project("{9A19103F-16F7-4668-BE54-9A1E7A4F7556}") = "work track", "WorkTrack\work track.csproj", "{6AE6668C-574E-4472-9EDC-53DB99E7BAA4}"
EndProject
Global
	GlobalSection(SolutionConfigurationPlatforms) = preSolution
		Debug|Any CPU = Debug|Any CPU
		Release|Any CPU = Release|Any CPU
	EndGlobalSection
	GlobalSection(ProjectConfigurationPlatforms) = postSolution
		{42392501-647E-4C08-95F9-35A2E6B60016}.Debug|Any CPU.ActiveCfg = Debug|Any CPU
		{42392501-647E-4C08-95F9-35A2E6B60016}.Debug|Any CPU.Build.0 = Debug|Any CPU
		{42392501-647E-4C08-95F9-35A2E6B60016}.Release|Any CPU.ActiveCfg = Release|Any CPU
		{42392501-647E-4C08-95F9-35A2E6B60016}.Release|Any CPU.Build.0 = Release|Any CPU
		{9D83EB71-92D7-450E-914E-747B15B04641}.Debug|Any CPU.ActiveCfg = Debug|Any CPU
		{9D83EB71-92D7-450E-914E-747B15B04641}.Debug|Any CPU.Build.0 = Debug|Any CPU
		{9D83EB71-92D7-450E-914E-747B15B04641}.Release|Any CPU.ActiveCfg = Release|Any CPU
		{9D83EB71-92D7-450E-914E-747B15B04641}.Release|Any CPU.Build.0 = Release|Any CPU
		{6AE6668C-574E-4472-9EDC-53DB99E7BAA4}.Debug|Any CPU.ActiveCfg = Debug|Any CPU
		{6AE6668C-574E-4472-9EDC-53DB99E7BAA4}.Debug|Any CPU.Build.0 = Debug|Any CPU
		{6AE6668C-574E-4472-9EDC-53DB99E7BAA4}.Release|Any CPU.ActiveCfg = Release|Any CPU
		{6AE6668C-574E-4472-9EDC-53DB99E7BAA4}.Release|Any CPU.Build.0 = Release|Any CPU
	EndGlobalSection
	GlobalSection(SolutionProperties) = preSolution
		HideSolutionNode = FALSE
	EndGlobalSection
	GlobalSection(ExtensibilityGlobals) = postSolution
		SolutionGuid = {60833A2B-7C40-4F1C-BB16-0D9075FE78E7}
	EndGlobalSection
EndGlobal
